
Microsoft Visual Studio Solution File, Format Version 12.00
# Visual Studio 15
VisualStudioVersion = 15.0.27703.2042
MinimumVisualStudioVersion = 10.0.40219.1
Project("{FAE04EC0-301F-11D3-BF4B-00C04F79EFBC}") = "FeesCalculator", "FeesCalculator\FeesCalculator.csproj", "{173DC352-7850-42B6-95B6-B3EDDD11C231}"
EndProject
Global
	GlobalSection(SolutionConfigurationPlatforms) = preSolution
		Debug|Any CPU = Debug|Any CPU
		Release|Any CPU = Release|Any CPU
	EndGlobalSection
	GlobalSection(ProjectConfigurationPlatforms) = postSolution
		{173DC352-7850-42B6-95B6-B3EDDD11C231}.Debug|Any CPU.ActiveCfg = Debug|Any CPU
		{173DC352-7850-42B6-95B6-B3EDDD11C231}.Debug|Any CPU.Build.0 = Debug|Any CPU
		{173DC352-7850-42B6-95B6-B3EDDD11C231}.Release|Any CPU.ActiveCfg = Release|Any CPU
		{173DC352-7850-42B6-95B6-B3EDDD11C231}.Release|Any CPU.Build.0 = Release|Any CPU
	EndGlobalSection
	GlobalSection(SolutionProperties) = preSolution
		HideSolutionNode = FALSE
	EndGlobalSection
	GlobalSection(ExtensibilityGlobals) = postSolution
		SolutionGuid = {6910BFF0-94C8-47DC-A76C-31FD90FEE968}
	EndGlobalSection
EndGlobal
